
Microsoft Visual Studio Solution File, Format Version 12.00
# Visual Studio Version 17
VisualStudioVersion = 17.11.35327.3
MinimumVisualStudioVersion = 10.0.40219.1
Project("{FAE04EC0-301F-11D3-BF4B-00C04F79EFBC}") = "PersonalSite", "PersonalSite.csproj", "{E840E2B4-E261-4E19-9097-B10CF9616281}"
EndProject
Global
	GlobalSection(SolutionConfigurationPlatforms) = preSolution
		Debug|Any CPU = Debug|Any CPU
		Release|Any CPU = Release|Any CPU
	EndGlobalSection
	GlobalSection(ProjectConfigurationPlatforms) = postSolution
		{E840E2B4-E261-4E19-9097-B10CF9616281}.Debug|Any CPU.ActiveCfg = Debug|Any CPU
		{E840E2B4-E261-4E19-9097-B10CF9616281}.Debug|Any CPU.Build.0 = Debug|Any CPU
		{E840E2B4-E261-4E19-9097-B10CF9616281}.Release|Any CPU.ActiveCfg = Release|Any CPU
		{E840E2B4-E261-4E19-9097-B10CF9616281}.Release|Any CPU.Build.0 = Release|Any CPU
	EndGlobalSection
	GlobalSection(SolutionProperties) = preSolution
		HideSolutionNode = FALSE
	EndGlobalSection
	GlobalSection(ExtensibilityGlobals) = postSolution
		SolutionGuid = {5F05DD8A-2687-4E36-8C2F-4F9DE2BFB6EC}
	EndGlobalSection
EndGlobal
